
Microsoft Visual Studio Solution File, Format Version 12.00
# Visual Studio Version 16
VisualStudioVersion = 16.0.30517.126
MinimumVisualStudioVersion = 10.0.40219.1
Project("{9A19103F-16F7-4668-BE54-9A1E7A4F7556}") = "WarehouseLib", "WarehouseLib\WarehouseLib.csproj", "{52003C74-2D4B-4034-9F7C-C6A97640ED2C}"
EndProject
Project("{FAE04EC0-301F-11D3-BF4B-00C04F79EFBC}") = "Warehouse_Test", "Warehouse_Test\Warehouse_Test.csproj", "{8C7A564C-77A2-4B26-9B3C-31A368925C5D}"
EndProject
Global
	GlobalSection(SolutionConfigurationPlatforms) = preSolution
		Debug|Any CPU = Debug|Any CPU
		Release|Any CPU = Release|Any CPU
	EndGlobalSection
	GlobalSection(ProjectConfigurationPlatforms) = postSolution
		{52003C74-2D4B-4034-9F7C-C6A97640ED2C}.Debug|Any CPU.ActiveCfg = Debug|Any CPU
		{52003C74-2D4B-4034-9F7C-C6A97640ED2C}.Debug|Any CPU.Build.0 = Debug|Any CPU
		{52003C74-2D4B-4034-9F7C-C6A97640ED2C}.Release|Any CPU.ActiveCfg = Release|Any CPU
		{52003C74-2D4B-4034-9F7C-C6A97640ED2C}.Release|Any CPU.Build.0 = Release|Any CPU
		{8C7A564C-77A2-4B26-9B3C-31A368925C5D}.Debug|Any CPU.ActiveCfg = Debug|Any CPU
		{8C7A564C-77A2-4B26-9B3C-31A368925C5D}.Debug|Any CPU.Build.0 = Debug|Any CPU
		{8C7A564C-77A2-4B26-9B3C-31A368925C5D}.Release|Any CPU.ActiveCfg = Release|Any CPU
		{8C7A564C-77A2-4B26-9B3C-31A368925C5D}.Release|Any CPU.Build.0 = Release|Any CPU
	EndGlobalSection
	GlobalSection(SolutionProperties) = preSolution
		HideSolutionNode = FALSE
	EndGlobalSection
	GlobalSection(ExtensibilityGlobals) = postSolution
		SolutionGuid = {584FD30D-187F-4E40-BD91-8B5410B20990}
	EndGlobalSection
EndGlobal
